{
  "projects": [
    {
      "projectId": "6fBsEXbqoM7yeJ1j6JXsF9",
      "version": "latest",
      "dependencies": {},
      "lang": "ts",
      "fileLocks": [
        {
          "type": "globalVariant",
          "assetId": "B6K1nSTuwnm80C",
          "checksum": "5cde578bcbc8c46fc5edee7b8faeb4a3"
        },
        {
          "assetId": "6fBsEXbqoM7yeJ1j6JXsF9",
          "type": "projectCss",
          "checksum": "78aba04a83f17c515cff283615963a5e"
        },
        {
          "type": "renderModule",
          "assetId": "AE-yX091Qz3B",
          "checksum": "15835f798a608550be6375c6d9817f1b"
        },
        {
          "type": "cssRules",
          "assetId": "AE-yX091Qz3B",
          "checksum": "15835f798a608550be6375c6d9817f1b"
        },
        {
          "type": "renderModule",
          "assetId": "ew9JaF9svs7aq",
          "checksum": "1036a25565e4e0f98ec7f34b0dc39f74"
        },
        {
          "type": "cssRules",
          "assetId": "ew9JaF9svs7aq",
          "checksum": "1036a25565e4e0f98ec7f34b0dc39f74"
        },
        {
          "type": "renderModule",
          "assetId": "080PKMgKAnbVI",
          "checksum": "2817eb3c805f13980e3a3da7530c6d7e"
        },
        {
          "type": "cssRules",
          "assetId": "080PKMgKAnbVI",
          "checksum": "2817eb3c805f13980e3a3da7530c6d7e"
        },
        {
          "type": "renderModule",
          "assetId": "OjhHM3Egd3D2o",
          "checksum": "28f7f2f10f3f4833835c6bdba12f4483"
        },
        {
          "type": "cssRules",
          "assetId": "OjhHM3Egd3D2o",
          "checksum": "28f7f2f10f3f4833835c6bdba12f4483"
        },
        {
          "type": "renderModule",
          "assetId": "CzxFYkZvIx8D7L",
          "checksum": "d8f1d09a444abb8aed4cc95af50c44f1"
        },
        {
          "type": "cssRules",
          "assetId": "CzxFYkZvIx8D7L",
          "checksum": "d8f1d09a444abb8aed4cc95af50c44f1"
        },
        {
          "type": "renderModule",
          "assetId": "5JndWvTqzFxvks",
          "checksum": "bbe9d69e1dd6e794d5fa30db40aad2f1"
        },
        {
          "type": "cssRules",
          "assetId": "5JndWvTqzFxvks",
          "checksum": "bbe9d69e1dd6e794d5fa30db40aad2f1"
        },
        {
          "type": "renderModule",
          "assetId": "bOcAc9adelUzWV",
          "checksum": "e9bd8221b37e62880df8edfea286d054"
        },
        {
          "type": "cssRules",
          "assetId": "bOcAc9adelUzWV",
          "checksum": "e9bd8221b37e62880df8edfea286d054"
        },
        {
          "type": "renderModule",
          "assetId": "Nch6EGmnoAI8r6",
          "checksum": "724e118ea25df55dd189ab9815a9a707"
        },
        {
          "type": "cssRules",
          "assetId": "Nch6EGmnoAI8r6",
          "checksum": "724e118ea25df55dd189ab9815a9a707"
        },
        {
          "type": "renderModule",
          "assetId": "lOjbBZPo45MCU7",
          "checksum": "c09724adb48a6808a517f0130bc75db7"
        },
        {
          "type": "cssRules",
          "assetId": "lOjbBZPo45MCU7",
          "checksum": "c09724adb48a6808a517f0130bc75db7"
        },
        {
          "type": "renderModule",
          "assetId": "_-NJkK1rk8M4Bi",
          "checksum": "fb09c114e8cdecc9d82cd07eeb0db9d3"
        },
        {
          "type": "cssRules",
          "assetId": "_-NJkK1rk8M4Bi",
          "checksum": "fb09c114e8cdecc9d82cd07eeb0db9d3"
        },
        {
          "type": "renderModule",
          "assetId": "MXzIN1DcUkA_7f",
          "checksum": "e482f5674ae843bf97b313337715c3e0"
        },
        {
          "type": "cssRules",
          "assetId": "MXzIN1DcUkA_7f",
          "checksum": "e482f5674ae843bf97b313337715c3e0"
        },
        {
          "type": "renderModule",
          "assetId": "E2msGAdMykArCs",
          "checksum": "f74f450b8c9593627572e0c75a86846e"
        },
        {
          "type": "cssRules",
          "assetId": "E2msGAdMykArCs",
          "checksum": "f74f450b8c9593627572e0c75a86846e"
        },
        {
          "type": "renderModule",
          "assetId": "BxU_M4k-n_3PUt",
          "checksum": "ec450dad5beaa812392c16634e890874"
        },
        {
          "type": "cssRules",
          "assetId": "BxU_M4k-n_3PUt",
          "checksum": "ec450dad5beaa812392c16634e890874"
        },
        {
          "type": "renderModule",
          "assetId": "KOyVhHLkRmN6ys",
          "checksum": "95cc2b4c53e4a67992e0d01d4f2ba3d3"
        },
        {
          "type": "cssRules",
          "assetId": "KOyVhHLkRmN6ys",
          "checksum": "95cc2b4c53e4a67992e0d01d4f2ba3d3"
        },
        {
          "type": "renderModule",
          "assetId": "2jX3D_YGZC42bZ",
          "checksum": "f4276c9fee6f937eadf227f5e3d9916b"
        },
        {
          "type": "cssRules",
          "assetId": "2jX3D_YGZC42bZ",
          "checksum": "f4276c9fee6f937eadf227f5e3d9916b"
        },
        {
          "type": "icon",
          "assetId": "Si1epXEqEdIOYs",
          "checksum": "4aea3f27386b05774fd00ed38c98bde2"
        },
        {
          "type": "icon",
          "assetId": "8uSrQ88fazWtB8",
          "checksum": "54cad6b9a4de378207f76529fc8dca0b"
        },
        {
          "type": "icon",
          "assetId": "KkGq7bv9qtuXZQ",
          "checksum": "070e59424385edf958376edc726e4bc6"
        },
        {
          "type": "icon",
          "assetId": "p61BHrk4BVLYr4",
          "checksum": "c1559e9fab0543f826f414921729c80f"
        },
        {
          "type": "icon",
          "assetId": "04IM5NHNQVnNii",
          "checksum": "b14097bbb4b76fdfe315bf757d426963"
        },
        {
          "type": "icon",
          "assetId": "M9hWwUK2HIptNk",
          "checksum": "45b8fafc7513c87620e30f1345f8efd2"
        },
        {
          "type": "icon",
          "assetId": "CHJGVHBXA9-OTl",
          "checksum": "b783e279a786a7e9acef7bf3aa509f20"
        },
        {
          "type": "icon",
          "assetId": "8U7OVJwjQ-Iz4Y",
          "checksum": "72705ed854964e4942fced2356060507"
        },
        {
          "type": "icon",
          "assetId": "-fpfQaEJRmfu9T",
          "checksum": "39d6739a0fa61dc3986a3af6f138f126"
        },
        {
          "type": "icon",
          "assetId": "eEtQid_j5-yREM",
          "checksum": "789739348d8c92f5b49dc542ceee5bf9"
        },
        {
          "type": "icon",
          "assetId": "CSid9dvkqSarPW",
          "checksum": "2335412fd3a3e01ddd0af64a0c748d01"
        },
        {
          "type": "icon",
          "assetId": "dWZXuTwdGxBJV9",
          "checksum": "edec71ce2843a90ea4b72fb66945bdda"
        },
        {
          "type": "icon",
          "assetId": "NdVxYRXudOsZaH",
          "checksum": "452b3557d4f12574bf6abfbae01f4e41"
        },
        {
          "type": "icon",
          "assetId": "kaNVJA7uB6uqM9",
          "checksum": "8315089fdf5072d1d5c1ded3a3cc7cf3"
        },
        {
          "type": "image",
          "assetId": "8wFkDNvvBpoW9q",
          "checksum": "080126b3efb2a0825cfcfd36a9af44ad"
        },
        {
          "type": "image",
          "assetId": "JS_StH7GcOcVsk",
          "checksum": "cb1e1460a9e4f4206850db64588ea6d3"
        },
        {
          "type": "image",
          "assetId": "Gme8m5KuWdaTcm",
          "checksum": "b0bd311044bb2c3e9396ce6d0d52ad4e"
        },
        {
          "type": "image",
          "assetId": "VpNPQD1aZZPQuz",
          "checksum": "2d2d5ffdf860455a127b4c6a381ea37b"
        },
        {
          "type": "image",
          "assetId": "Uas8knzYDz2TXa",
          "checksum": "387c12cac25e0d53134c9a609233a98c"
        },
        {
          "type": "image",
          "assetId": "OZ0-tGGDy4-yzz",
          "checksum": "1aa65c4ceb4753d421c3ffbcd6a3b397"
        },
        {
          "type": "image",
          "assetId": "sHBr7JQeHIBvAR",
          "checksum": "321cd3d06991f2466a29967402adce8c"
        },
        {
          "type": "image",
          "assetId": "ycmMcjm3zLtT1Z",
          "checksum": "ee7c221ebb9c7e53dbcdfd58af594034"
        },
        {
          "type": "image",
          "assetId": "aIwyNah666j__p",
          "checksum": "c73eaaefbf3bfba93f9eabc6d8c1597a"
        },
        {
          "type": "image",
          "assetId": "tODmBbgutz4PPN",
          "checksum": "81f5f35ac3287bc3a27181920a9686ea"
        },
        {
          "type": "image",
          "assetId": "prrl9a9O5HGcDT",
          "checksum": "9a0c9436430e1323592d04cda2eb9cb6"
        },
        {
          "type": "image",
          "assetId": "DaZkwK9r-9dQAq",
          "checksum": "9261ac5564fba773051afd4e50396e94"
        },
        {
          "type": "image",
          "assetId": "f1yCmg-wwXm9R0",
          "checksum": "0b505c14c8a7974e45bb4833d908c68d"
        },
        {
          "type": "image",
          "assetId": "Gei42CEYFk7B3g",
          "checksum": "9abcac7decfaa22b96985bbc16446374"
        },
        {
          "type": "image",
          "assetId": "3M3-zk9_ByCEGu",
          "checksum": "e7aae8047e6bdfc09373be90b51a9d2a"
        },
        {
          "type": "image",
          "assetId": "Qf65aHYzNGCoaO",
          "checksum": "ccd5b7ddd5cfe8a26be612c7eabe6cde"
        },
        {
          "type": "image",
          "assetId": "BgexV_QauWcx3X",
          "checksum": "e1dd6a0a0c2867f3d22ca98f01b4e862"
        },
        {
          "type": "image",
          "assetId": "4ZZ1ggPq_sutkA",
          "checksum": "67689ba0f4739cf1a0b805d4836226a4"
        },
        {
          "type": "image",
          "assetId": "TAiRTTEcYN-ObN",
          "checksum": "2996374a7026cacf5642d37349019a89"
        },
        {
          "type": "image",
          "assetId": "De8qTPbLoFcYk3",
          "checksum": "9ba62bd37463e2ab808b9c3d1aaeb315"
        },
        {
          "type": "image",
          "assetId": "4LpPv_qp9T6h7B",
          "checksum": "0d9baa26e61487012e8ad6615dc10963"
        },
        {
          "type": "image",
          "assetId": "B3sGnv8t676mcr",
          "checksum": "a4e4ee96645b842d25e08b0f062f032d"
        },
        {
          "type": "image",
          "assetId": "_za1RGgEMMafGP",
          "checksum": "dae8d481704aa7eebe03e181c42498e3"
        },
        {
          "type": "image",
          "assetId": "85Dpy_3IUu3t7-",
          "checksum": "cc617ee36d3cc1da2854743996c33706"
        },
        {
          "type": "image",
          "assetId": "sJy7O3zSd-whcd",
          "checksum": "be11757ec1a2c812880deb85a9af436e"
        },
        {
          "type": "image",
          "assetId": "JeMZVjrrzyxEw5",
          "checksum": "cf7d253ef26be40f159c1f5a8ff30912"
        },
        {
          "type": "image",
          "assetId": "cWeCLwLbWO8F_0",
          "checksum": "719e14179ce46bad9d24e6d843f4f0a9"
        },
        {
          "type": "image",
          "assetId": "Mt97BL3mBZaSmc",
          "checksum": "3036571e241b531baf0342df227e53ff"
        },
        {
          "type": "image",
          "assetId": "gAZVwHdQKaNVbB",
          "checksum": "66ca6f493fb3576d1e79a5cb0ea864e3"
        },
        {
          "type": "image",
          "assetId": "aOdkvnbiaH2IwH",
          "checksum": "5f7da5e560ced87fa2c0dea40e50c040"
        },
        {
          "type": "image",
          "assetId": "ZiY5PVSqER7pGi",
          "checksum": "fbb186430f48914a536c7c0fd293ed61"
        },
        {
          "type": "image",
          "assetId": "uZrX3J-uVSRoFR",
          "checksum": "ca199be78121b220884bd4e816298e38"
        },
        {
          "type": "image",
          "assetId": "sZ9KuQw1gOY1hK",
          "checksum": "104d7f92ed233b36e573ce3419597738"
        },
        {
          "type": "image",
          "assetId": "-a75wtQ1Ttt7Wz",
          "checksum": "69f5e39933acbd7ee7cbd6c1afdcd70f"
        },
        {
          "type": "image",
          "assetId": "Ey9qmoHqZRS8JI",
          "checksum": "6922f54577752965c61f4e94767bd1cc"
        },
        {
          "type": "image",
          "assetId": "LOR_YEMGEN0HDo",
          "checksum": "d57e7151bee50dc8c36492b09b49e241"
        },
        {
          "type": "image",
          "assetId": "KsWLGkSArnkv9u",
          "checksum": "14031e60c4001e919f71808f04392293"
        },
        {
          "type": "image",
          "assetId": "ckMgoJqyqHws3w",
          "checksum": "a85c54fd61e13e407caaddc91d47b6d2"
        },
        {
          "type": "image",
          "assetId": "IR5jfMmKCNikUe",
          "checksum": "4592576be371c44c8cef30253ffb297f"
        },
        {
          "type": "image",
          "assetId": "Gq2NzCVbq7UMio",
          "checksum": "c90139d3d592141e5338b5e62339df7c"
        },
        {
          "type": "image",
          "assetId": "QLQFoXCDKjuMzr",
          "checksum": "8dfc2a68c436fda53a6d1b334d4bf8a4"
        },
        {
          "type": "image",
          "assetId": "Q4ZhNT33ntorL_",
          "checksum": "e2d7af9a1c807dea1dd13e1f05cf423a"
        },
        {
          "type": "image",
          "assetId": "DBwKfKTNn1GGOX",
          "checksum": "548cee36b268402cb0d6f93fe57d8b68"
        },
        {
          "type": "image",
          "assetId": "NOvW0_osmCxALV",
          "checksum": "e4a64b521c81e36a31fab0044001ea71"
        },
        {
          "type": "image",
          "assetId": "R4VY9rvyFxkBdV",
          "checksum": "6f026224fe8c291e304c5a69b87e284e"
        },
        {
          "type": "image",
          "assetId": "YsEyQ4ALXxcTKB",
          "checksum": "4c9e52aa224898abbdeff3e5970e732f"
        },
        {
          "type": "image",
          "assetId": "wSZ_DMkZBTfz_g",
          "checksum": "b26cef5ecab9b078741da6d4ccedd5b9"
        },
        {
          "type": "image",
          "assetId": "lTHK2uuZ3FjRU7",
          "checksum": "a9da772a0582fdd6d826b036e48b814e"
        },
        {
          "type": "image",
          "assetId": "fQni5chiil-nVp",
          "checksum": "727c162a0a2a2ca7cb4479d4f6db5d33"
        },
        {
          "type": "image",
          "assetId": "kR4-6h5l8P7bIg",
          "checksum": "171d152c83f972f61a8936cf81b10224"
        },
        {
          "type": "image",
          "assetId": "SjlgDw4ZEa7dAX",
          "checksum": "30523154e3295096d4dbe6f71609e68f"
        },
        {
          "type": "image",
          "assetId": "SSXBhnWVoMYWtp",
          "checksum": "1a1f560e3408288213a2cb38ea99db83"
        },
        {
          "type": "image",
          "assetId": "FIFCSXVg5PBoBL",
          "checksum": "b4d7b5cb6b47fe9fe098ebe0e1bc05a9"
        },
        {
          "type": "image",
          "assetId": "mvfdrCe8YnFAQa",
          "checksum": "cd1fd6117fe4e2a48bd28edc33d7d6ab"
        },
        {
          "type": "image",
          "assetId": "YDA3lqzJflOia4",
          "checksum": "df941ff390b9c9e56d1297c6707a92e2"
        },
        {
          "type": "image",
          "assetId": "TSX39YRqxVDJGB",
          "checksum": "dbdb653f84b29a645b4594eabdf10f4d"
        },
        {
          "type": "image",
          "assetId": "-8hDJafbhWFZLz",
          "checksum": "b97c73c214d1e5e4adfedb7e3e706e6e"
        },
        {
          "type": "image",
          "assetId": "B6F7pcGaK_35Ij",
          "checksum": "4952baf5dfacc075d8cd9231559dff9e"
        },
        {
          "type": "image",
          "assetId": "CkPmUJqgOGK8_x",
          "checksum": "5cfa98ce40527012fa31767a79c1b72d"
        },
        {
          "type": "image",
          "assetId": "dbBj1uOvIPiHSJ",
          "checksum": "56e75b1e2545f3be315137941274d650"
        },
        {
          "type": "image",
          "assetId": "u3nX_OGe0C4bk3",
          "checksum": "f9b29d0acf5a68f59121853e8f895783"
        },
        {
          "type": "image",
          "assetId": "E4IQnaAlxvLnP1",
          "checksum": "0fe1edc14e0c2781eacdfce61c9c41ec"
        },
        {
          "type": "image",
          "assetId": "ba0DIESE_O75Xu",
          "checksum": "4c8a75d7fdff26f4e98438a7500f1f78"
        },
        {
          "type": "image",
          "assetId": "8axTdINT5cgNBh",
          "checksum": "c5e0464e0808a051eb4bdb11de9e32da"
        },
        {
          "type": "image",
          "assetId": "ZxuPXqrctisFTM",
          "checksum": "0c5276ed9818376cc20b0829693cb439"
        },
        {
          "type": "image",
          "assetId": "D3IwdheVYnEJlV",
          "checksum": "a4d674de26e85f529db7e7c7ab490e82"
        },
        {
          "type": "image",
          "assetId": "qaqs0N87xXOiia",
          "checksum": "51205797437097cd7fc33f49cbe937b4"
        },
        {
          "type": "image",
          "assetId": "Tk2ojAY25V1i1q",
          "checksum": "b08da6ee5b8be992380c4889da461019"
        },
        {
          "type": "image",
          "assetId": "fKUFCzqLm5yz2d",
          "checksum": "d1ea046833801f7e54715985624cb000"
        },
        {
          "type": "image",
          "assetId": "MqqGNapY-dhb-3",
          "checksum": "6e59ff795834898120fa5be20d278457"
        },
        {
          "type": "image",
          "assetId": "po20FGQt04FN4I",
          "checksum": "e1ef7b2b3d56767fa1571ad7a231530b"
        },
        {
          "type": "image",
          "assetId": "ETc5otcVHwD12W",
          "checksum": "bf856860ba88d4fec99f7b41934570cd"
        },
        {
          "type": "image",
          "assetId": "MpWUHm3kjhup8v",
          "checksum": "76c4c3625440597ff0094c938aeebdec"
        },
        {
          "type": "image",
          "assetId": "paNuFlYC8E8UQc",
          "checksum": "f2d6eddf40ed3d3cc59fe94b77dbb3e0"
        },
        {
          "type": "image",
          "assetId": "nVaISSMwLRPxjS",
          "checksum": "6cc5fed08061c3d21f8086e513b49fab"
        },
        {
          "type": "image",
          "assetId": "MfEDGb4cqeME7_",
          "checksum": "ade849746cefd0f2c88e60e6f27b1a82"
        },
        {
          "type": "image",
          "assetId": "sPDm6y81gNqpfd",
          "checksum": "564b0a7cd0a3952ebf62f30c5630128b"
        },
        {
          "type": "image",
          "assetId": "1Wl-k0YcS63bMz",
          "checksum": "761b1f5dda46c7126415fc26035f669d"
        },
        {
          "type": "image",
          "assetId": "tTlu5vNlAjbAIy",
          "checksum": "1d4bb40e7c478b9c65e0f6bb1456d5fe"
        },
        {
          "type": "image",
          "assetId": "xqF4oi8QFidWCF",
          "checksum": "09591bd9d9c648a53abc4e27a0896755"
        },
        {
          "type": "image",
          "assetId": "f4-6Lsgkkxdmnm",
          "checksum": "5384e28478b48f62872ecf54ba1d84e8"
        },
        {
          "type": "image",
          "assetId": "ejuAPJS7nYH7Pl",
          "checksum": "6e7935a9781b39db5dfa6ec351d8818f"
        },
        {
          "type": "image",
          "assetId": "4aW4VZDS1IQX4M",
          "checksum": "77c82d0acb978a19e5b24082f4472335"
        },
        {
          "type": "image",
          "assetId": "5eJz2oPEy2Qsr_",
          "checksum": "b87be08a72c16180038654d1e1436ca9"
        },
        {
          "type": "image",
          "assetId": "3u0J0qkKu_sBgV",
          "checksum": "914852ab898eaade2fb90ba57672f3d0"
        },
        {
          "type": "image",
          "assetId": "_3TUUJoBU4-A1D",
          "checksum": "238d0a892294a71f6527788233fbd719"
        },
        {
          "type": "image",
          "assetId": "_NblddO5C8cKEp",
          "checksum": "cc61ca67140cca383df5c7bae6099443"
        },
        {
          "type": "image",
          "assetId": "-SrqzO2wHxBLsT",
          "checksum": "cf84b17b7bf79d6229ca40608d53b98b"
        },
        {
          "type": "image",
          "assetId": "ybKDFgMCUGVwER",
          "checksum": "1fe66fb617725fd3547ac6f9924985a4"
        },
        {
          "type": "image",
          "assetId": "_M5tctdN0_RgE8",
          "checksum": "ee05338c1432dc994cb3627dbd133fb7"
        },
        {
          "type": "image",
          "assetId": "Ur0NiLFD2YGtN_",
          "checksum": "4eb8110f7277bd9cef9b04373ad87338"
        },
        {
          "type": "image",
          "assetId": "9Y-5Q2HPZN5LX2",
          "checksum": "beeae472dc5aeb00c5ac7baa945665dc"
        },
        {
          "type": "image",
          "assetId": "TAGKjSCmhArrHZ",
          "checksum": "265b357d117d6b93f9f26c4bb4f0e06c"
        },
        {
          "type": "image",
          "assetId": "hCKHjrsZdmN05X",
          "checksum": "19e5574fa03859805a2d2c5c3bf3933c"
        },
        {
          "type": "image",
          "assetId": "TROMCSUGtyNaOY",
          "checksum": "35a23d3f853cc4df8c734ee60c7007d1"
        },
        {
          "type": "image",
          "assetId": "-UvdFAsFUKD43v",
          "checksum": "3b5de686832ae65e53f15a1bff620bf7"
        },
        {
          "type": "image",
          "assetId": "ppStCFI9hVgeCU",
          "checksum": "d157d96871fcad6844366d4c53c6b56f"
        },
        {
          "type": "image",
          "assetId": "gIxNJxnmOoXALG",
          "checksum": "704a0ffb89c7c0edd19214a1052358f5"
        },
        {
          "type": "image",
          "assetId": "_OwnJXJu6xodak",
          "checksum": "2ac0e0cc75cb86dc7684538d60a0b97d"
        },
        {
          "type": "image",
          "assetId": "-_a_WGBjtbYSvJ",
          "checksum": "19801d46f088f01635fdfd67549ff7c1"
        }
      ],
      "codegenVersion": "0.0.1"
    }
  ],
  "cliVersion": "0.1.215"
}
